
Microsoft Visual Studio Solution File, Format Version 12.00
# Visual Studio Version 17
VisualStudioVersion = 17.5.002.0
MinimumVisualStudioVersion = 10.0.40219.1
Project("{9A19103F-16F7-4668-BE54-9A1E7A4F7556}") = "Sandbox City Simulator 2024", "Sandbox City Simulator 2024.csproj", "{343F0DA2-D803-42F0-A40C-6904E1BCA55B}"
EndProject
Global
	GlobalSection(SolutionConfigurationPlatforms) = preSolution
		Debug|Any CPU = Debug|Any CPU
		Release|Any CPU = Release|Any CPU
	EndGlobalSection
	GlobalSection(ProjectConfigurationPlatforms) = postSolution
		{343F0DA2-D803-42F0-A40C-6904E1BCA55B}.Debug|Any CPU.ActiveCfg = Debug|Any CPU
		{343F0DA2-D803-42F0-A40C-6904E1BCA55B}.Debug|Any CPU.Build.0 = Debug|Any CPU
		{343F0DA2-D803-42F0-A40C-6904E1BCA55B}.Release|Any CPU.ActiveCfg = Release|Any CPU
		{343F0DA2-D803-42F0-A40C-6904E1BCA55B}.Release|Any CPU.Build.0 = Release|Any CPU
	EndGlobalSection
	GlobalSection(SolutionProperties) = preSolution
		HideSolutionNode = FALSE
	EndGlobalSection
	GlobalSection(ExtensibilityGlobals) = postSolution
		SolutionGuid = {88F9D60E-813F-41CA-A68B-E96479C87C6B}
	EndGlobalSection
EndGlobal
